
Microsoft Visual Studio Solution File, Format Version 12.00
# Visual Studio Version 16
VisualStudioVersion = 16.0.29613.14
MinimumVisualStudioVersion = 10.0.40219.1
Project("{FAE04EC0-301F-11D3-BF4B-00C04F79EFBC}") = "CoreSignalR_Broadcast", "CoreSignalR_Broadcast\CoreSignalR_Broadcast.csproj", "{4197F672-B1E8-4065-9504-9484CA32EB67}"
EndProject
Global
	GlobalSection(SolutionConfigurationPlatforms) = preSolution
		Debug|Any CPU = Debug|Any CPU
		Release|Any CPU = Release|Any CPU
	EndGlobalSection
	GlobalSection(ProjectConfigurationPlatforms) = postSolution
		{4197F672-B1E8-4065-9504-9484CA32EB67}.Debug|Any CPU.ActiveCfg = Debug|Any CPU
		{4197F672-B1E8-4065-9504-9484CA32EB67}.Debug|Any CPU.Build.0 = Debug|Any CPU
		{4197F672-B1E8-4065-9504-9484CA32EB67}.Release|Any CPU.ActiveCfg = Release|Any CPU
		{4197F672-B1E8-4065-9504-9484CA32EB67}.Release|Any CPU.Build.0 = Release|Any CPU
	EndGlobalSection
	GlobalSection(SolutionProperties) = preSolution
		HideSolutionNode = FALSE
	EndGlobalSection
	GlobalSection(ExtensibilityGlobals) = postSolution
		SolutionGuid = {963B38FD-35DA-4331-89C9-E3F87991EB09}
	EndGlobalSection
EndGlobal
